// !$*UTF8*$!
{
	archiveVersion = 1;
	classes = {
	};
	objectVersion = 55;
	objects = {

/* Begin PBXBuildFile section */
		DA11775C27530AC200CB0A9C /* AppDelegate.swift in Sources */ = {isa = PBXBuildFile; fileRef = DA11775B27530AC200CB0A9C /* AppDelegate.swift */; };
		DA11775E27530AC200CB0A9C /* SceneDelegate.swift in Sources */ = {isa = PBXBuildFile; fileRef = DA11775D27530AC200CB0A9C /* SceneDelegate.swift */; };
		DA11776027530AC200CB0A9C /* ViewController.swift in Sources */ = {isa = PBXBuildFile; fileRef = DA11775F27530AC200CB0A9C /* ViewController.swift */; };
		DA11776327530AC200CB0A9C /* Main.storyboard in Resources */ = {isa = PBXBuildFile; fileRef = DA11776127530AC200CB0A9C /* Main.storyboard */; };
		DA11776527530AC400CB0A9C /* Assets.xcassets in Resources */ = {isa = PBXBuildFile; fileRef = DA11776427530AC400CB0A9C /* Assets.xcassets */; };
		DA11776827530AC400CB0A9C /* LaunchScreen.storyboard in Resources */ = {isa = PBXBuildFile; fileRef = DA11776627530AC400CB0A9C /* LaunchScreen.storyboard */; };
		DA11777327530AC500CB0A9C /* CodePath_PreWorkTests.swift in Sources */ = {isa = PBXBuildFile; fileRef = DA11777227530AC500CB0A9C /* CodePath_PreWorkTests.swift */; };
		DA11777D27530AC500CB0A9C /* CodePath_PreWorkUITests.swift in Sources */ = {isa = PBXBuildFile; fileRef = DA11777C27530AC500CB0A9C /* CodePath_PreWorkUITests.swift */; };
		DA11777F27530AC500CB0A9C /* CodePath_PreWorkUITestsLaunchTests.swift in Sources */ = {isa = PBXBuildFile; fileRef = DA11777E27530AC500CB0A9C /* CodePath_PreWorkUITestsLaunchTests.swift */; };
/* End PBXBuildFile section */

/* Begin PBXContainerItemProxy section */
		DA11776F27530AC500CB0A9C /* PBXContainerItemProxy */ = {
			isa = PBXContainerItemProxy;
			containerPortal = DA11775027530AC200CB0A9C /* Project object */;
			proxyType = 1;
			remoteGlobalIDString = DA11775727530AC200CB0A9C;
			remoteInfo = "CodePath PreWork";
		};
		DA11777927530AC500CB0A9C /* PBXContainerItemProxy */ = {
			isa = PBXContainerItemProxy;
			containerPortal = DA11775027530AC200CB0A9C /* Project object */;
			proxyType = 1;
			remoteGlobalIDString = DA11775727530AC200CB0A9C;
			remoteInfo = "CodePath PreWork";
		};
/* End PBXContainerItemProxy section */

/* Begin PBXFileReference section */
		DA11775827530AC200CB0A9C /* CodePath PreWork.app */ = {isa = PBXFileReference; explicitFileType = wrapper.application; includeInIndex = 0; path = "CodePath PreWork.app"; sourceTree = BUILT_PRODUCTS_DIR; };
		DA11775B27530AC200CB0A9C /* AppDelegate.swift */ = {isa = PBXFileReference; lastKnownFileType = sourcecode.swift; path = AppDelegate.swift; sourceTree = "<group>"; };
		DA11775D27530AC200CB0A9C /* SceneDelegate.swift */ = {isa = PBXFileReference; lastKnownFileType = sourcecode.swift; path = SceneDelegate.swift; sourceTree = "<group>"; };
		DA11775F27530AC200CB0A9C /* ViewController.swift */ = {isa = PBXFileReference; lastKnownFileType = sourcecode.swift; path = ViewController.swift; sourceTree = "<group>"; };
		DA11776227530AC200CB0A9C /* Base */ = {isa = PBXFileReference; lastKnownFileType = file.storyboard; name = Base; path = Base.lproj/Main.storyboard; sourceTree = "<group>"; };
		DA11776427530AC400CB0A9C /* Assets.xcassets */ = {isa = PBXFileReference; lastKnownFileType = folder.assetcatalog; path = Assets.xcassets; sourceTree = "<group>"; };
		DA11776727530AC400CB0A9C /* Base */ = {isa = PBXFileReference; lastKnownFileType = file.storyboard; name = Base; path = Base.lproj/LaunchScreen.storyboard; sourceTree = "<group>"; };
		DA11776927530AC400CB0A9C /* Info.plist */ = {isa = PBXFileReference; lastKnownFileType = text.plist.xml; path = Info.plist; sourceTree = "<group>"; };
		DA11776E27530AC500CB0A9C /* CodePath PreWorkTests.xctest */ = {isa = PBXFileReference; explicitFileType = wrapper.cfbundle; includeInIndex = 0; path = "CodePath PreWorkTests.xctest"; sourceTree = BUILT_PRODUCTS_DIR; };
		DA11777227530AC500CB0A9C /* CodePath_PreWorkTests.swift */ = {isa = PBXFileReference; lastKnownFileType = sourcecode.swift; path = CodePath_PreWorkTests.swift; sourceTree = "<group>"; };
		DA11777827530AC500CB0A9C /* CodePath PreWorkUITests.xctest */ = {isa = PBXFileReference; explicitFileType = wrapper.cfbundle; includeInIndex = 0; path = "CodePath PreWorkUITests.xctest"; sourceTree = BUILT_PRODUCTS_DIR; };
		DA11777C27530AC500CB0A9C /* CodePath_PreWorkUITests.swift */ = {isa = PBXFileReference; lastKnownFileType = sourcecode.swift; path = CodePath_PreWorkUITests.swift; sourceTree = "<group>"; };
		DA11777E27530AC500CB0A9C /* CodePath_PreWorkUITestsLaunchTests.swift */ = {isa = PBXFileReference; lastKnownFileType = sourcecode.swift; path = CodePath_PreWorkUITestsLaunchTests.swift; sourceTree = "<group>"; };
/* End PBXFileReference section */

/* Begin PBXFrameworksBuildPhase section */
		DA11775527530AC200CB0A9C /* Frameworks */ = {
			isa = PBXFrameworksBuildPhase;
			buildActionMask = 2147483647;
			files = (
			);
			runOnlyForDeploymentPostprocessing = 0;
		};
		DA11776B27530AC500CB0A9C /* Frameworks */ = {
			isa = PBXFrameworksBuildPhase;
			buildActionMask = 2147483647;
			files = (
			);
			runOnlyForDeploymentPostprocessing = 0;
		};
		DA11777527530AC500CB0A9C /* Frameworks */ = {
			isa = PBXFrameworksBuildPhase;
			buildActionMask = 2147483647;
			files = (
			);
			runOnlyForDeploymentPostprocessing = 0;
		};
/* End PBXFrameworksBuildPhase section */

/* Begin PBXGroup section */
		DA11774F27530AC200CB0A9C = {
			isa = PBXGroup;
			children = (
				DA11775A27530AC200CB0A9C /* CodePath PreWork */,
				DA11777127530AC500CB0A9C /* CodePath PreWorkTests */,
				DA11777B27530AC500CB0A9C /* CodePath PreWorkUITests */,
				DA11775927530AC200CB0A9C /* Products */,
			);
			sourceTree = "<group>";
		};
		DA11775927530AC200CB0A9C /* Products */ = {
			isa = PBXGroup;
			children = (
				DA11775827530AC200CB0A9C /* CodePath PreWork.app */,
				DA11776E27530AC500CB0A9C /* CodePath PreWorkTests.xctest */,
				DA11777827530AC500CB0A9C /* CodePath PreWorkUITests.xctest */,
			);
			name = Products;
			sourceTree = "<group>";
		};
		DA11775A27530AC200CB0A9C /* CodePath PreWork */ = {
			isa = PBXGroup;
			children = (
				DA11775B27530AC200CB0A9C /* AppDelegate.swift */,
				DA11775D27530AC200CB0A9C /* SceneDelegate.swift */,
				DA11775F27530AC200CB0A9C /* ViewController.swift */,
				DA11776127530AC200CB0A9C /* Main.storyboard */,
				DA11776427530AC400CB0A9C /* Assets.xcassets */,
				DA11776627530AC400CB0A9C /* LaunchScreen.storyboard */,
				DA11776927530AC400CB0A9C /* Info.plist */,
			);
			path = "CodePath PreWork";
			sourceTree = "<group>";
		};
		DA11777127530AC500CB0A9C /* CodePath PreWorkTests */ = {
			isa = PBXGroup;
			children = (
				DA11777227530AC500CB0A9C /* CodePath_PreWorkTests.swift */,
			);
			path = "CodePath PreWorkTests";
			sourceTree = "<group>";
		};
		DA11777B27530AC500CB0A9C /* CodePath PreWorkUITests */ = {
			isa = PBXGroup;
			children = (
				DA11777C27530AC500CB0A9C /* CodePath_PreWorkUITests.swift */,
				DA11777E27530AC500CB0A9C /* CodePath_PreWorkUITestsLaunchTests.swift */,
			);
			path = "CodePath PreWorkUITests";
			sourceTree = "<group>";
		};
/* End PBXGroup section */

/* Begin PBXNativeTarget section */
		DA11775727530AC200CB0A9C /* CodePath PreWork */ = {
			isa = PBXNativeTarget;
			buildConfigurationList = DA11778227530AC500CB0A9C /* Build configuration list for PBXNativeTarget "CodePath PreWork" */;
			buildPhases = (
				DA11775427530AC200CB0A9C /* Sources */,
				DA11775527530AC200CB0A9C /* Frameworks */,
				DA11775627530AC200CB0A9C /* Resources */,
			);
			buildRules = (
			);
			dependencies = (
			);
			name = "CodePath PreWork";
			productName = "CodePath PreWork";
			productReference = DA11775827530AC200CB0A9C /* CodePath PreWork.app */;
			productType = "com.apple.product-type.application";
		};
		DA11776D27530AC500CB0A9C /* CodePath PreWorkTests */ = {
			isa = PBXNativeTarget;
			buildConfigurationList = DA11778527530AC500CB0A9C /* Build configuration list for PBXNativeTarget "CodePath PreWorkTests" */;
			buildPhases = (
				DA11776A27530AC500CB0A9C /* Sources */,
				DA11776B27530AC500CB0A9C /* Frameworks */,
				DA11776C27530AC500CB0A9C /* Resources */,
			);
			buildRules = (
			);
			dependencies = (
				DA11777027530AC500CB0A9C /* PBXTargetDependency */,
			);
			name = "CodePath PreWorkTests";
			productName = "CodePath PreWorkTests";
			productReference = DA11776E27530AC500CB0A9C /* CodePath PreWorkTests.xctest */;
			productType = "com.apple.product-type.bundle.unit-test";
		};
		DA11777727530AC500CB0A9C /* CodePath PreWorkUITests */ = {
			isa = PBXNativeTarget;
			buildConfigurationList = DA11778827530AC500CB0A9C /* Build configuration list for PBXNativeTarget "CodePath PreWorkUITests" */;
			buildPhases = (
				DA11777427530AC500CB0A9C /* Sources */,
				DA11777527530AC500CB0A9C /* Frameworks */,
				DA11777627530AC500CB0A9C /* Resources */,
			);
			buildRules = (
			);
			dependencies = (
				DA11777A27530AC500CB0A9C /* PBXTargetDependency */,
			);
			name = "CodePath PreWorkUITests";
			productName = "CodePath PreWorkUITests";
			productReference = DA11777827530AC500CB0A9C /* CodePath PreWorkUITests.xctest */;
			productType = "com.apple.product-type.bundle.ui-testing";
		};
/* End PBXNativeTarget section */

/* Begin PBXProject section */
		DA11775027530AC200CB0A9C /* Project object */ = {
			isa = PBXProject;
			attributes = {
				BuildIndependentTargetsInParallel = 1;
				LastSwiftUpdateCheck = 1310;
				LastUpgradeCheck = 1310;
				TargetAttributes = {
					DA11775727530AC200CB0A9C = {
						CreatedOnToolsVersion = 13.1;
					};
					DA11776D27530AC500CB0A9C = {
						CreatedOnToolsVersion = 13.1;
						TestTargetID = DA11775727530AC200CB0A9C;
					};
					DA11777727530AC500CB0A9C = {
						CreatedOnToolsVersion = 13.1;
						TestTargetID = DA11775727530AC200CB0A9C;
					};
				};
			};
			buildConfigurationList = DA11775327530AC200CB0A9C /* Build configuration list for PBXProject "CodePath PreWork" */;
			compatibilityVersion = "Xcode 13.0";
			developmentRegion = en;
			hasScannedForEncodings = 0;
			knownRegions = (
				en,
				Base,
			);
			mainGroup = DA11774F27530AC200CB0A9C;
			productRefGroup = DA11775927530AC200CB0A9C /* Products */;
			projectDirPath = "";
			projectRoot = "";
			targets = (
				DA11775727530AC200CB0A9C /* CodePath PreWork */,
				DA11776D27530AC500CB0A9C /* CodePath PreWorkTests */,
				DA11777727530AC500CB0A9C /* CodePath PreWorkUITests */,
			);
		};
/* End PBXProject section */

/* Begin PBXResourcesBuildPhase section */
		DA11775627530AC200CB0A9C /* Resources */ = {
			isa = PBXResourcesBuildPhase;
			buildActionMask = 2147483647;
			files = (
				DA11776827530AC400CB0A9C /* LaunchScreen.storyboard in Resources */,
				DA11776527530AC400CB0A9C /* Assets.xcassets in Resources */,
				DA11776327530AC200CB0A9C /* Main.storyboard in Resources */,
			);
			runOnlyForDeploymentPostprocessing = 0;
		};
		DA11776C27530AC500CB0A9C /* Resources */ = {
			isa = PBXResourcesBuildPhase;
			buildActionMask = 2147483647;
			files = (
			);
			runOnlyForDeploymentPostprocessing = 0;
		};
		DA11777627530AC500CB0A9C /* Resources */ = {
			isa = PBXResourcesBuildPhase;
			buildActionMask = 2147483647;
			files = (
			);
			runOnlyForDeploymentPostprocessing = 0;
		};
/* End PBXResourcesBuildPhase section */

/* Begin PBXSourcesBuildPhase section */
		DA11775427530AC200CB0A9C /* Sources */ = {
			isa = PBXSourcesBuildPhase;
			buildActionMask = 2147483647;
			files = (
				DA11776027530AC200CB0A9C /* ViewController.swift in Sources */,
				DA11775C27530AC200CB0A9C /* AppDelegate.swift in Sources */,
				DA11775E27530AC200CB0A9C /* SceneDelegate.swift in Sources */,
			);
			runOnlyForDeploymentPostprocessing = 0;
		};
		DA11776A27530AC500CB0A9C /* Sources */ = {
			isa = PBXSourcesBuildPhase;
			buildActionMask = 2147483647;
			files = (
				DA11777327530AC500CB0A9C /* CodePath_PreWorkTests.swift in Sources */,
			);
			runOnlyForDeploymentPostprocessing = 0;
		};
		DA11777427530AC500CB0A9C /* Sources */ = {
			isa = PBXSourcesBuildPhase;
			buildActionMask = 2147483647;
			files = (
				DA11777D27530AC500CB0A9C /* CodePath_PreWorkUITests.swift in Sources */,
				DA11777F27530AC500CB0A9C /* CodePath_PreWorkUITestsLaunchTests.swift in Sources */,
			);
			runOnlyForDeploymentPostprocessing = 0;
		};
/* End PBXSourcesBuildPhase section */

/* Begin PBXTargetDependency section */
		DA11777027530AC500CB0A9C /* PBXTargetDependency */ = {
			isa = PBXTargetDependency;
			target = DA11775727530AC200CB0A9C /* CodePath PreWork */;
			targetProxy = DA11776F27530AC500CB0A9C /* PBXContainerItemProxy */;
		};
		DA11777A27530AC500CB0A9C /* PBXTargetDependency */ = {
			isa = PBXTargetDependency;
			target = DA11775727530AC200CB0A9C /* CodePath PreWork */;
			targetProxy = DA11777927530AC500CB0A9C /* PBXContainerItemProxy */;
		};
/* End PBXTargetDependency section */

/* Begin PBXVariantGroup section */
		DA11776127530AC200CB0A9C /* Main.storyboard */ = {
			isa = PBXVariantGroup;
			children = (
				DA11776227530AC200CB0A9C /* Base */,
			);
			name = Main.storyboard;
			sourceTree = "<group>";
		};
		DA11776627530AC400CB0A9C /* LaunchScreen.storyboard */ = {
			isa = PBXVariantGroup;
			children = (
				DA11776727530AC400CB0A9C /* Base */,
			);
			name = LaunchScreen.storyboard;
			sourceTree = "<group>";
		};
/* End PBXVariantGroup section */

/* Begin XCBuildConfiguration section */
		DA11778027530AC500CB0A9C /* Debug */ = {
			isa = XCBuildConfiguration;
			buildSettings = {
				ALWAYS_SEARCH_USER_PATHS = NO;
				CLANG_ANALYZER_NONNULL = YES;
				CLANG_ANALYZER_NUMBER_OBJECT_CONVERSION = YES_AGGRESSIVE;
				CLANG_CXX_LANGUAGE_STANDARD = "gnu++17";
				CLANG_CXX_LIBRARY = "libc++";
				CLANG_ENABLE_MODULES = YES;
				CLANG_ENABLE_OBJC_ARC = YES;
				CLANG_ENABLE_OBJC_WEAK = YES;
				CLANG_WARN_BLOCK_CAPTURE_AUTORELEASING = YES;
				CLANG_WARN_BOOL_CONVERSION = YES;
				CLANG_WARN_COMMA = YES;
				CLANG_WARN_CONSTANT_CONVERSION = YES;
				CLANG_WARN_DEPRECATED_OBJC_IMPLEMENTATIONS = YES;
				CLANG_WARN_DIRECT_OBJC_ISA_USAGE = YES_ERROR;
				CLANG_WARN_DOCUMENTATION_COMMENTS = YES;
				CLANG_WARN_EMPTY_BODY = YES;
				CLANG_WARN_ENUM_CONVERSION = YES;
				CLANG_WARN_INFINITE_RECURSION = YES;
				CLANG_WARN_INT_CONVERSION = YES;
				CLANG_WARN_NON_LITERAL_NULL_CONVERSION = YES;
				CLANG_WARN_OBJC_IMPLICIT_RETAIN_SELF = YES;
				CLANG_WARN_OBJC_LITERAL_CONVERSION = YES;
				CLANG_WARN_OBJC_ROOT_CLASS = YES_ERROR;
				CLANG_WARN_QUOTED_INCLUDE_IN_FRAMEWORK_HEADER = YES;
				CLANG_WARN_RANGE_LOOP_ANALYSIS = YES;
				CLANG_WARN_STRICT_PROTOTYPES = YES;
				CLANG_WARN_SUSPICIOUS_MOVE = YES;
				CLANG_WARN_UNGUARDED_AVAILABILITY = YES_AGGRESSIVE;
				CLANG_WARN_UNREACHABLE_CODE = YES;
				CLANG_WARN__DUPLICATE_METHOD_MATCH = YES;
				COPY_PHASE_STRIP = NO;
				DEBUG_INFORMATION_FORMAT = dwarf;
				ENABLE_STRICT_OBJC_MSGSEND = YES;
				ENABLE_TESTABILITY = YES;
				GCC_C_LANGUAGE_STANDARD = gnu11;
				GCC_DYNAMIC_NO_PIC = NO;
				GCC_NO_COMMON_BLOCKS = YES;
				GCC_OPTIMIZATION_LEVEL = 0;
				GCC_PREPROCESSOR_DEFINITIONS = (
					"DEBUG=1",
					"$(inherited)",
				);
				GCC_WARN_64_TO_32_BIT_CONVERSION = YES;
				GCC_WARN_ABOUT_RETURN_TYPE = YES_ERROR;
				GCC_WARN_UNDECLARED_SELECTOR = YES;
				GCC_WARN_UNINITIALIZED_AUTOS = YES_AGGRESSIVE;
				GCC_WARN_UNUSED_FUNCTION = YES;
				GCC_WARN_UNUSED_VARIABLE = YES;
				IPHONEOS_DEPLOYMENT_TARGET = 15.0;
				MTL_ENABLE_DEBUG_INFO = INCLUDE_SOURCE;
				MTL_FAST_MATH = YES;
				ONLY_ACTIVE_ARCH = YES;
				SDKROOT = iphoneos;
				SWIFT_ACTIVE_COMPILATION_CONDITIONS = DEBUG;
				SWIFT_OPTIMIZATION_LEVEL = "-Onone";
			};
			name = Debug;
		};
		DA11778127530AC500CB0A9C /* Release */ = {
			isa = XCBuildConfiguration;
			buildSettings = {
				ALWAYS_SEARCH_USER_PATHS = NO;
				CLANG_ANALYZER_NONNULL = YES;
				CLANG_ANALYZER_NUMBER_OBJECT_CONVERSION = YES_AGGRESSIVE;
				CLANG_CXX_LANGUAGE_STANDARD = "gnu++17";
				CLANG_CXX_LIBRARY = "libc++";
				CLANG_ENABLE_MODULES = YES;
				CLANG_ENABLE_OBJC_ARC = YES;
				CLANG_ENABLE_OBJC_WEAK = YES;
				CLANG_WARN_BLOCK_CAPTURE_AUTORELEASING = YES;
				CLANG_WARN_BOOL_CONVERSION = YES;
				CLANG_WARN_COMMA = YES;
				CLANG_WARN_CONSTANT_CONVERSION = YES;
				CLANG_WARN_DEPRECATED_OBJC_IMPLEMENTATIONS = YES;
				CLANG_WARN_DIRECT_OBJC_ISA_USAGE = YES_ERROR;
				CLANG_WARN_DOCUMENTATION_COMMENTS = YES;
				CLANG_WARN_EMPTY_BODY = YES;
				CLANG_WARN_ENUM_CONVERSION = YES;
				CLANG_WARN_INFINITE_RECURSION = YES;
				CLANG_WARN_INT_CONVERSION = YES;
				CLANG_WARN_NON_LITERAL_NULL_CONVERSION = YES;
				CLANG_WARN_OBJC_IMPLICIT_RETAIN_SELF = YES;
				CLANG_WARN_OBJC_LITERAL_CONVERSION = YES;
				CLANG_WARN_OBJC_ROOT_CLASS = YES_ERROR;
				CLANG_WARN_QUOTED_INCLUDE_IN_FRAMEWORK_HEADER = YES;
				CLANG_WARN_RANGE_LOOP_ANALYSIS = YES;
				CLANG_WARN_STRICT_PROTOTYPES = YES;
				CLANG_WARN_SUSPICIOUS_MOVE = YES;
				CLANG_WARN_UNGUARDED_AVAILABILITY = YES_AGGRESSIVE;
				CLANG_WARN_UNREACHABLE_CODE = YES;
				CLANG_WARN__DUPLICATE_METHOD_MATCH = YES;
				COPY_PHASE_STRIP = NO;
				DEBUG_INFORMATION_FORMAT = "dwarf-with-dsym";
				ENABLE_NS_ASSERTIONS = NO;
				ENABLE_STRICT_OBJC_MSGSEND = YES;
				GCC_C_LANGUAGE_STANDARD = gnu11;
				GCC_NO_COMMON_BLOCKS = YES;
				GCC_WARN_64_TO_32_BIT_CONVERSION = YES;
				GCC_WARN_ABOUT_RETURN_TYPE = YES_ERROR;
				GCC_WARN_UNDECLARED_SELECTOR = YES;
				GCC_WARN_UNINITIALIZED_AUTOS = YES_AGGRESSIVE;
				GCC_WARN_UNUSED_FUNCTION = YES;
				GCC_WARN_UNUSED_VARIABLE = YES;
				IPHONEOS_DEPLOYMENT_TARGET = 15.0;
				MTL_ENABLE_DEBUG_INFO = NO;
				MTL_FAST_MATH = YES;
				SDKROOT = iphoneos;
				SWIFT_COMPILATION_MODE = wholemodule;
				SWIFT_OPTIMIZATION_LEVEL = "-O";
				VALIDATE_PRODUCT = YES;
			};
			name = Release;
		};
		DA11778327530AC500CB0A9C /* Debug */ = {
			isa = XCBuildConfiguration;
			buildSettings = {
				ASSETCATALOG_COMPILER_APPICON_NAME = AppIcon;
				ASSETCATALOG_COMPILER_GLOBAL_ACCENT_COLOR_NAME = AccentColor;
				CODE_SIGN_STYLE = Automatic;
				CURRENT_PROJECT_VERSION = 1;
				GENERATE_INFOPLIST_FILE = YES;
				INFOPLIST_FILE = "CodePath PreWork/Info.plist";
				INFOPLIST_KEY_UIApplicationSupportsIndirectInputEvents = YES;
				INFOPLIST_KEY_UILaunchStoryboardName = LaunchScreen;
				INFOPLIST_KEY_UIMainStoryboardFile = Main;
				INFOPLIST_KEY_UISupportedInterfaceOrientations_iPad = "UIInterfaceOrientationPortrait UIInterfaceOrientationPortraitUpsideDown UIInterfaceOrientationLandscapeLeft UIInterfaceOrientationLandscapeRight";
				INFOPLIST_KEY_UISupportedInterfaceOrientations_iPhone = "UIInterfaceOrientationPortrait UIInterfaceOrientationLandscapeLeft UIInterfaceOrientationLandscapeRight";
				LD_RUNPATH_SEARCH_PATHS = (
					"$(inherited)",
					"@executable_path/Frameworks",
				);
				MARKETING_VERSION = 1.0;
				PRODUCT_BUNDLE_IDENTIFIER = "memo.com.CodePath-PreWork";
				PRODUCT_NAME = "$(TARGET_NAME)";
				SWIFT_EMIT_LOC_STRINGS = YES;
				SWIFT_VERSION = 5.0;
				TARGETED_DEVICE_FAMILY = "1,2";
			};
			name = Debug;
		};
		DA11778427530AC500CB0A9C /* Release */ = {
			isa = XCBuildConfiguration;
			buildSettings = {
				ASSETCATALOG_COMPILER_APPICON_NAME = AppIcon;
				ASSETCATALOG_COMPILER_GLOBAL_ACCENT_COLOR_NAME = AccentColor;
				CODE_SIGN_STYLE = Automatic;
				CURRENT_PROJECT_VERSION = 1;
				GENERATE_INFOPLIST_FILE = YES;
				INFOPLIST_FILE = "CodePath PreWork/Info.plist";
				INFOPLIST_KEY_UIApplicationSupportsIndirectInputEvents = YES;
				INFOPLIST_KEY_UILaunchStoryboardName = LaunchScreen;
				INFOPLIST_KEY_UIMainStoryboardFile = Main;
				INFOPLIST_KEY_UISupportedInterfaceOrientations_iPad = "UIInterfaceOrientationPortrait UIInterfaceOrientationPortraitUpsideDown UIInterfaceOrientationLandscapeLeft UIInterfaceOrientationLandscapeRight";
				INFOPLIST_KEY_UISupportedInterfaceOrientations_iPhone = "UIInterfaceOrientationPortrait UIInterfaceOrientationLandscapeLeft UIInterfaceOrientationLandscapeRight";
				LD_RUNPATH_SEARCH_PATHS = (
					"$(inherited)",
					"@executable_path/Frameworks",
				);
				MARKETING_VERSION = 1.0;
				PRODUCT_BUNDLE_IDENTIFIER = "memo.com.CodePath-PreWork";
				PRODUCT_NAME = "$(TARGET_NAME)";
				SWIFT_EMIT_LOC_STRINGS = YES;
				SWIFT_VERSION = 5.0;
				TARGETED_DEVICE_FAMILY = "1,2";
			};
			name = Release;
		};
		DA11778627530AC500CB0A9C /* Debug */ = {
			isa = XCBuildConfiguration;
			buildSettings = {
				ALWAYS_EMBED_SWIFT_STANDARD_LIBRARIES = YES;
				BUNDLE_LOADER = "$(TEST_HOST)";
				CODE_SIGN_STYLE = Automatic;
				CURRENT_PROJECT_VERSION = 1;
				GENERATE_INFOPLIST_FILE = YES;
				IPHONEOS_DEPLOYMENT_TARGET = 15.0;
				LD_RUNPATH_SEARCH_PATHS = (
					"$(inherited)",
					"@executable_path/Frameworks",
					"@loader_path/Frameworks",
				);
				MARKETING_VERSION = 1.0;
				PRODUCT_BUNDLE_IDENTIFIER = "memo.com.CodePath-PreWorkTests";
				PRODUCT_NAME = "$(TARGET_NAME)";
				SWIFT_EMIT_LOC_STRINGS = NO;
				SWIFT_VERSION = 5.0;
				TARGETED_DEVICE_FAMILY = "1,2";
				TEST_HOST = "$(BUILT_PRODUCTS_DIR)/CodePath PreWork.app/CodePath PreWork";
			};
			name = Debug;
		};
		DA11778727530AC500CB0A9C /* Release */ = {
			isa = XCBuildConfiguration;
			buildSettings = {
				ALWAYS_EMBED_SWIFT_STANDARD_LIBRARIES = YES;
				BUNDLE_LOADER = "$(TEST_HOST)";
				CODE_SIGN_STYLE = Automatic;
				CURRENT_PROJECT_VERSION = 1;
				GENERATE_INFOPLIST_FILE = YES;
				IPHONEOS_DEPLOYMENT_TARGET = 15.0;
				LD_RUNPATH_SEARCH_PATHS = (
					"$(inherited)",
					"@executable_path/Frameworks",
					"@loader_path/Frameworks",
				);
				MARKETING_VERSION = 1.0;
				PRODUCT_BUNDLE_IDENTIFIER = "memo.com.CodePath-PreWorkTests";
				PRODUCT_NAME = "$(TARGET_NAME)";
				SWIFT_EMIT_LOC_STRINGS = NO;
				SWIFT_VERSION = 5.0;
				TARGETED_DEVICE_FAMILY = "1,2";
				TEST_HOST = "$(BUILT_PRODUCTS_DIR)/CodePath PreWork.app/CodePath PreWork";
			};
			name = Release;
		};
		DA11778927530AC500CB0A9C /* Debug */ = {
			isa = XCBuildConfiguration;
			buildSettings = {
				ALWAYS_EMBED_SWIFT_STANDARD_LIBRARIES = YES;
				CODE_SIGN_STYLE = Automatic;
				CURRENT_PROJECT_VERSION = 1;
				GENERATE_INFOPLIST_FILE = YES;
				LD_RUNPATH_SEARCH_PATHS = (
					"$(inherited)",
					"@executable_path/Frameworks",
					"@loader_path/Frameworks",
				);
				MARKETING_VERSION = 1.0;
				PRODUCT_BUNDLE_IDENTIFIER = "memo.com.CodePath-PreWorkUITests";
				PRODUCT_NAME = "$(TARGET_NAME)";
				SWIFT_EMIT_LOC_STRINGS = NO;
				SWIFT_VERSION = 5.0;
				TARGETED_DEVICE_FAMILY = "1,2";
				TEST_TARGET_NAME = "CodePath PreWork";
			};
			name = Debug;
		};
		DA11778A27530AC500CB0A9C /* Release */ = {
			isa = XCBuildConfiguration;
			buildSettings = {
				ALWAYS_EMBED_SWIFT_STANDARD_LIBRARIES = YES;
				CODE_SIGN_STYLE = Automatic;
				CURRENT_PROJECT_VERSION = 1;
				GENERATE_INFOPLIST_FILE = YES;
				LD_RUNPATH_SEARCH_PATHS = (
					"$(inherited)",
					"@executable_path/Frameworks",
					"@loader_path/Frameworks",
				);
				MARKETING_VERSION = 1.0;
				PRODUCT_BUNDLE_IDENTIFIER = "memo.com.CodePath-PreWorkUITests";
				PRODUCT_NAME = "$(TARGET_NAME)";
				SWIFT_EMIT_LOC_STRINGS = NO;
				SWIFT_VERSION = 5.0;
				TARGETED_DEVICE_FAMILY = "1,2";
				TEST_TARGET_NAME = "CodePath PreWork";
			};
			name = Release;
		};
/* End XCBuildConfiguration section */

/* Begin XCConfigurationList section */
		DA11775327530AC200CB0A9C /* Build configuration list for PBXProject "CodePath PreWork" */ = {
			isa = XCConfigurationList;
			buildConfigurations = (
				DA11778027530AC500CB0A9C /* Debug */,
				DA11778127530AC500CB0A9C /* Release */,
			);
			defaultConfigurationIsVisible = 0;
			defaultConfigurationName = Release;
		};
		DA11778227530AC500CB0A9C /* Build configuration list for PBXNativeTarget "CodePath PreWork" */ = {
			isa = XCConfigurationList;
			buildConfigurations = (
				DA11778327530AC500CB0A9C /* Debug */,
				DA11778427530AC500CB0A9C /* Release */,
			);
			defaultConfigurationIsVisible = 0;
			defaultConfigurationName = Release;
		};
		DA11778527530AC500CB0A9C /* Build configuration list for PBXNativeTarget "CodePath PreWorkTests" */ = {
			isa = XCConfigurationList;
			buildConfigurations = (
				DA11778627530AC500CB0A9C /* Debug */,
				DA11778727530AC500CB0A9C /* Release */,
			);
			defaultConfigurationIsVisible = 0;
			defaultConfigurationName = Release;
		};
		DA11778827530AC500CB0A9C /* Build configuration list for PBXNativeTarget "CodePath PreWorkUITests" */ = {
			isa = XCConfigurationList;
			buildConfigurations = (
				DA11778927530AC500CB0A9C /* Debug */,
				DA11778A27530AC500CB0A9C /* Release */,
			);
			defaultConfigurationIsVisible = 0;
			defaultConfigurationName = Release;
		};
/* End XCConfigurationList section */
	};
	rootObject = DA11775027530AC200CB0A9C /* Project object */;
}
